github.com/libdns/libdns v0.2.1 h1:Wu59T7wSHRgtA0cfxC+n1c/e+O3upJGWytknkmFEDis=
github.com/libdns/libdns v0.2.1/go.mod h1:yQCXzk1lEZmmCPa857bnk4TsOiqYasqpyOEeSObbb40=
github.com/luv2code/gomiabdns v1.0.0 h1:ScHg5bOkGyJ1YbgnSrQ9UlMvP7I29kCyBbKCaD31EZ4=
github.com/luv2code/gomiabdns v1.0.0/go.mod h1:FwNl4na3jXPrIs0SUhT7H583ophEBishPFn+y6H/O1k=
